
Microsoft Visual Studio Solution File, Format Version 12.00
# Visual Studio Version 16
VisualStudioVersion = 16.0.31019.35
MinimumVisualStudioVersion = 10.0.40219.1
Project("{FAE04EC0-301F-11D3-BF4B-00C04F79EFBC}") = "EarlBot", "EarlBot\EarlBot.csproj", "{80686596-F3A4-437A-9509-C1F8B85019B0}"
EndProject
Global
	GlobalSection(SolutionConfigurationPlatforms) = preSolution
		Debug|Any CPU = Debug|Any CPU
		Release|Any CPU = Release|Any CPU
	EndGlobalSection
	GlobalSection(ProjectConfigurationPlatforms) = postSolution
		{80686596-F3A4-437A-9509-C1F8B85019B0}.Debug|Any CPU.ActiveCfg = Debug|Any CPU
		{80686596-F3A4-437A-9509-C1F8B85019B0}.Debug|Any CPU.Build.0 = Debug|Any CPU
		{80686596-F3A4-437A-9509-C1F8B85019B0}.Release|Any CPU.ActiveCfg = Release|Any CPU
		{80686596-F3A4-437A-9509-C1F8B85019B0}.Release|Any CPU.Build.0 = Release|Any CPU
	EndGlobalSection
	GlobalSection(SolutionProperties) = preSolution
		HideSolutionNode = FALSE
	EndGlobalSection
	GlobalSection(ExtensibilityGlobals) = postSolution
		SolutionGuid = {13E635E9-C9CE-45B4-A1B6-91A9BF45BB5E}
	EndGlobalSection
EndGlobal
